
Microsoft Visual Studio Solution File, Format Version 12.00
# Visual Studio Version 16
VisualStudioVersion = 16.0.31129.286
MinimumVisualStudioVersion = 10.0.40219.1
Project("{FAE04EC0-301F-11D3-BF4B-00C04F79EFBC}") = "Gallery", "Gallery\Gallery.csproj", "{F91B652E-E7C2-48EA-97B9-E52CC871BD50}"
EndProject
Global
	GlobalSection(SolutionConfigurationPlatforms) = preSolution
		Debug|Any CPU = Debug|Any CPU
		Release|Any CPU = Release|Any CPU
	EndGlobalSection
	GlobalSection(ProjectConfigurationPlatforms) = postSolution
		{F91B652E-E7C2-48EA-97B9-E52CC871BD50}.Debug|Any CPU.ActiveCfg = Debug|Any CPU
		{F91B652E-E7C2-48EA-97B9-E52CC871BD50}.Debug|Any CPU.Build.0 = Debug|Any CPU
		{F91B652E-E7C2-48EA-97B9-E52CC871BD50}.Release|Any CPU.ActiveCfg = Release|Any CPU
		{F91B652E-E7C2-48EA-97B9-E52CC871BD50}.Release|Any CPU.Build.0 = Release|Any CPU
	EndGlobalSection
	GlobalSection(SolutionProperties) = preSolution
		HideSolutionNode = FALSE
	EndGlobalSection
	GlobalSection(ExtensibilityGlobals) = postSolution
		SolutionGuid = {520E588F-906B-4566-855D-E21E39D957A8}
	EndGlobalSection
EndGlobal
